
Microsoft Visual Studio Solution File, Format Version 12.00
# Visual Studio 14
VisualStudioVersion = 14.0.23107.0
MinimumVisualStudioVersion = 10.0.40219.1
Project("{FAE04EC0-301F-11D3-BF4B-00C04F79EFBC}") = "IndustrialMonitoring", "IndustrialMonitoring\IndustrialMonitoring.csproj", "{6DC5D2C4-BB92-4BBE-9769-86758C45FE71}"
	ProjectSection(ProjectDependencies) = postProject
		{15B3E0D2-6217-493A-A690-158C497F5318} = {15B3E0D2-6217-493A-A690-158C497F5318}
	EndProjectSection
EndProject
Project("{00D1A9C2-B5F0-4AF3-8072-F6C62B433612}") = "Database", "Database\Database.sqlproj", "{F94D5A2B-7AB6-4D4C-B72B-E1D1D1772D60}"
EndProject
Project("{FAE04EC0-301F-11D3-BF4B-00C04F79EFBC}") = "SharedLibrary", "SharedLibrary\SharedLibrary.csproj", "{CC6F55E9-DDBE-46CE-8045-74C5326F1F84}"
EndProject
Project("{FAE04EC0-301F-11D3-BF4B-00C04F79EFBC}") = "MonitoringAdmin", "MonitoringAdmin\MonitoringAdmin.csproj", "{EE6C3689-016C-487D-945A-9B75015A8F1C}"
	ProjectSection(ProjectDependencies) = postProject
		{15B3E0D2-6217-493A-A690-158C497F5318} = {15B3E0D2-6217-493A-A690-158C497F5318}
	EndProjectSection
EndProject
Project("{FAE04EC0-301F-11D3-BF4B-00C04F79EFBC}") = "MonitoringServiceLibrary", "MonitoringServiceLibrary\MonitoringServiceLibrary.csproj", "{15B3E0D2-6217-493A-A690-158C497F5318}"
EndProject
Project("{2150E333-8FDC-42A3-9474-1A3956D46DE8}") = ".nuget", ".nuget", "{6BF6DD4F-6346-485F-9AFA-47C1E7444A98}"
	ProjectSection(SolutionItems) = preProject
		.nuget\NuGet.Config = .nuget\NuGet.Config
		.nuget\NuGet.exe = .nuget\NuGet.exe
		.nuget\NuGet.targets = .nuget\NuGet.targets
	EndProjectSection
EndProject
Project("{FAE04EC0-301F-11D3-BF4B-00C04F79EFBC}") = "HostConsole", "HostConsole\HostConsole.csproj", "{E1170C43-F8DD-4570-B5E4-9B064B75267A}"
	ProjectSection(ProjectDependencies) = postProject
		{15B3E0D2-6217-493A-A690-158C497F5318} = {15B3E0D2-6217-493A-A690-158C497F5318}
	EndProjectSection
EndProject
Project("{FAE04EC0-301F-11D3-BF4B-00C04F79EFBC}") = "FillingServiceLibrary", "FillingServiceLibrary\FillingServiceLibrary.csproj", "{3B72EA36-9901-49C2-B37D-D34D2BDA5138}"
EndProject
Project("{FAE04EC0-301F-11D3-BF4B-00C04F79EFBC}") = "FillingHostConsole", "FillingHostConsole\FillingHostConsole.csproj", "{19ABB103-8F93-4D76-8B9E-F53A99D5473A}"
EndProject
Project("{FAE04EC0-301F-11D3-BF4B-00C04F79EFBC}") = "TestConsole", "TestConsole\TestConsole.csproj", "{D6523067-ECC7-4A69-A13D-A4E2F96DD975}"
EndProject
Project("{FAE04EC0-301F-11D3-BF4B-00C04F79EFBC}") = "TelegramBot", "TelegramBot\TelegramBot.csproj", "{C2A9C7D8-785D-4F8B-828A-9763878FCD75}"
EndProject
Project("{FAE04EC0-301F-11D3-BF4B-00C04F79EFBC}") = "BacnetTest", "BacnetTest\BacnetTest.csproj", "{16F33322-69B1-4E7F-A723-AD81314A2899}"
EndProject
Project("{FAE04EC0-301F-11D3-BF4B-00C04F79EFBC}") = "NetworkInterfaceConsole", "NetworkInterfaceConsole\NetworkInterfaceConsole.csproj", "{E0B97A66-2DB8-41A6-8CB1-DA3CCC6E9B08}"
EndProject
Project("{FAE04EC0-301F-11D3-BF4B-00C04F79EFBC}") = "HostEMS2", "HostEMS2\HostEMS2.csproj", "{8ED91015-AD04-4FE1-862C-0FD316103E35}"
EndProject
Project("{FAE04EC0-301F-11D3-BF4B-00C04F79EFBC}") = "HVACHost", "HVACHost\HVACHost.csproj", "{E5997A78-D0A7-4424-83A3-5E25F8D92B1E}"
EndProject
Project("{FAE04EC0-301F-11D3-BF4B-00C04F79EFBC}") = "BACnetLib", "BACnetLib\BACnetLib.csproj", "{57AB9DF9-AE59-4452-9838-38248C315481}"
EndProject
Global
	GlobalSection(SolutionConfigurationPlatforms) = preSolution
		Debug|Any CPU = Debug|Any CPU
		Release|Any CPU = Release|Any CPU
	EndGlobalSection
	GlobalSection(ProjectConfigurationPlatforms) = postSolution
		{6DC5D2C4-BB92-4BBE-9769-86758C45FE71}.Debug|Any CPU.ActiveCfg = Debug|Any CPU
		{6DC5D2C4-BB92-4BBE-9769-86758C45FE71}.Debug|Any CPU.Build.0 = Debug|Any CPU
		{6DC5D2C4-BB92-4BBE-9769-86758C45FE71}.Release|Any CPU.ActiveCfg = Release|Any CPU
		{6DC5D2C4-BB92-4BBE-9769-86758C45FE71}.Release|Any CPU.Build.0 = Release|Any CPU
		{F94D5A2B-7AB6-4D4C-B72B-E1D1D1772D60}.Debug|Any CPU.ActiveCfg = Debug|Any CPU
		{F94D5A2B-7AB6-4D4C-B72B-E1D1D1772D60}.Debug|Any CPU.Build.0 = Debug|Any CPU
		{F94D5A2B-7AB6-4D4C-B72B-E1D1D1772D60}.Debug|Any CPU.Deploy.0 = Debug|Any CPU
		{F94D5A2B-7AB6-4D4C-B72B-E1D1D1772D60}.Release|Any CPU.ActiveCfg = Release|Any CPU
		{F94D5A2B-7AB6-4D4C-B72B-E1D1D1772D60}.Release|Any CPU.Build.0 = Release|Any CPU
		{F94D5A2B-7AB6-4D4C-B72B-E1D1D1772D60}.Release|Any CPU.Deploy.0 = Release|Any CPU
		{CC6F55E9-DDBE-46CE-8045-74C5326F1F84}.Debug|Any CPU.ActiveCfg = Debug|Any CPU
		{CC6F55E9-DDBE-46CE-8045-74C5326F1F84}.Debug|Any CPU.Build.0 = Debug|Any CPU
		{CC6F55E9-DDBE-46CE-8045-74C5326F1F84}.Release|Any CPU.ActiveCfg = Release|Any CPU
		{CC6F55E9-DDBE-46CE-8045-74C5326F1F84}.Release|Any CPU.Build.0 = Release|Any CPU
		{EE6C3689-016C-487D-945A-9B75015A8F1C}.Debug|Any CPU.ActiveCfg = Debug|Any CPU
		{EE6C3689-016C-487D-945A-9B75015A8F1C}.Debug|Any CPU.Build.0 = Debug|Any CPU
		{EE6C3689-016C-487D-945A-9B75015A8F1C}.Release|Any CPU.ActiveCfg = Release|Any CPU
		{EE6C3689-016C-487D-945A-9B75015A8F1C}.Release|Any CPU.Build.0 = Release|Any CPU
		{15B3E0D2-6217-493A-A690-158C497F5318}.Debug|Any CPU.ActiveCfg = Debug|Any CPU
		{15B3E0D2-6217-493A-A690-158C497F5318}.Debug|Any CPU.Build.0 = Debug|Any CPU
		{15B3E0D2-6217-493A-A690-158C497F5318}.Release|Any CPU.ActiveCfg = Release|Any CPU
		{15B3E0D2-6217-493A-A690-158C497F5318}.Release|Any CPU.Build.0 = Release|Any CPU
		{E1170C43-F8DD-4570-B5E4-9B064B75267A}.Debug|Any CPU.ActiveCfg = Debug|Any CPU
		{E1170C43-F8DD-4570-B5E4-9B064B75267A}.Debug|Any CPU.Build.0 = Debug|Any CPU
		{E1170C43-F8DD-4570-B5E4-9B064B75267A}.Release|Any CPU.ActiveCfg = Release|Any CPU
		{E1170C43-F8DD-4570-B5E4-9B064B75267A}.Release|Any CPU.Build.0 = Release|Any CPU
		{3B72EA36-9901-49C2-B37D-D34D2BDA5138}.Debug|Any CPU.ActiveCfg = Debug|Any CPU
		{3B72EA36-9901-49C2-B37D-D34D2BDA5138}.Debug|Any CPU.Build.0 = Debug|Any CPU
		{3B72EA36-9901-49C2-B37D-D34D2BDA5138}.Release|Any CPU.ActiveCfg = Release|Any CPU
		{3B72EA36-9901-49C2-B37D-D34D2BDA5138}.Release|Any CPU.Build.0 = Release|Any CPU
		{19ABB103-8F93-4D76-8B9E-F53A99D5473A}.Debug|Any CPU.ActiveCfg = Debug|Any CPU
		{19ABB103-8F93-4D76-8B9E-F53A99D5473A}.Debug|Any CPU.Build.0 = Debug|Any CPU
		{19ABB103-8F93-4D76-8B9E-F53A99D5473A}.Release|Any CPU.ActiveCfg = Release|Any CPU
		{19ABB103-8F93-4D76-8B9E-F53A99D5473A}.Release|Any CPU.Build.0 = Release|Any CPU
		{D6523067-ECC7-4A69-A13D-A4E2F96DD975}.Debug|Any CPU.ActiveCfg = Debug|Any CPU
		{D6523067-ECC7-4A69-A13D-A4E2F96DD975}.Debug|Any CPU.Build.0 = Debug|Any CPU
		{D6523067-ECC7-4A69-A13D-A4E2F96DD975}.Release|Any CPU.ActiveCfg = Release|Any CPU
		{D6523067-ECC7-4A69-A13D-A4E2F96DD975}.Release|Any CPU.Build.0 = Release|Any CPU
		{C2A9C7D8-785D-4F8B-828A-9763878FCD75}.Debug|Any CPU.ActiveCfg = Debug|Any CPU
		{C2A9C7D8-785D-4F8B-828A-9763878FCD75}.Debug|Any CPU.Build.0 = Debug|Any CPU
		{C2A9C7D8-785D-4F8B-828A-9763878FCD75}.Release|Any CPU.ActiveCfg = Release|Any CPU
		{C2A9C7D8-785D-4F8B-828A-9763878FCD75}.Release|Any CPU.Build.0 = Release|Any CPU
		{16F33322-69B1-4E7F-A723-AD81314A2899}.Debug|Any CPU.ActiveCfg = Debug|Any CPU
		{16F33322-69B1-4E7F-A723-AD81314A2899}.Debug|Any CPU.Build.0 = Debug|Any CPU
		{16F33322-69B1-4E7F-A723-AD81314A2899}.Release|Any CPU.ActiveCfg = Release|Any CPU
		{16F33322-69B1-4E7F-A723-AD81314A2899}.Release|Any CPU.Build.0 = Release|Any CPU
		{E0B97A66-2DB8-41A6-8CB1-DA3CCC6E9B08}.Debug|Any CPU.ActiveCfg = Debug|Any CPU
		{E0B97A66-2DB8-41A6-8CB1-DA3CCC6E9B08}.Debug|Any CPU.Build.0 = Debug|Any CPU
		{E0B97A66-2DB8-41A6-8CB1-DA3CCC6E9B08}.Release|Any CPU.ActiveCfg = Release|Any CPU
		{E0B97A66-2DB8-41A6-8CB1-DA3CCC6E9B08}.Release|Any CPU.Build.0 = Release|Any CPU
		{8ED91015-AD04-4FE1-862C-0FD316103E35}.Debug|Any CPU.ActiveCfg = Debug|Any CPU
		{8ED91015-AD04-4FE1-862C-0FD316103E35}.Debug|Any CPU.Build.0 = Debug|Any CPU
		{8ED91015-AD04-4FE1-862C-0FD316103E35}.Release|Any CPU.ActiveCfg = Release|Any CPU
		{8ED91015-AD04-4FE1-862C-0FD316103E35}.Release|Any CPU.Build.0 = Release|Any CPU
		{E5997A78-D0A7-4424-83A3-5E25F8D92B1E}.Debug|Any CPU.ActiveCfg = Debug|Any CPU
		{E5997A78-D0A7-4424-83A3-5E25F8D92B1E}.Debug|Any CPU.Build.0 = Debug|Any CPU
		{E5997A78-D0A7-4424-83A3-5E25F8D92B1E}.Release|Any CPU.ActiveCfg = Release|Any CPU
		{E5997A78-D0A7-4424-83A3-5E25F8D92B1E}.Release|Any CPU.Build.0 = Release|Any CPU
		{57AB9DF9-AE59-4452-9838-38248C315481}.Debug|Any CPU.ActiveCfg = Debug|Any CPU
		{57AB9DF9-AE59-4452-9838-38248C315481}.Debug|Any CPU.Build.0 = Debug|Any CPU
		{57AB9DF9-AE59-4452-9838-38248C315481}.Release|Any CPU.ActiveCfg = Release|Any CPU
		{57AB9DF9-AE59-4452-9838-38248C315481}.Release|Any CPU.Build.0 = Release|Any CPU
	EndGlobalSection
	GlobalSection(SolutionProperties) = preSolution
		HideSolutionNode = FALSE
	EndGlobalSection
EndGlobal
