
Microsoft Visual Studio Solution File, Format Version 12.00
# Visual Studio 2012
Project("{FAE04EC0-301F-11D3-BF4B-00C04F79EFBC}") = "IndustrialMonitoring", "IndustrialMonitoring\IndustrialMonitoring.csproj", "{6DC5D2C4-BB92-4BBE-9769-86758C45FE71}"
EndProject
Project("{00D1A9C2-B5F0-4AF3-8072-F6C62B433612}") = "Database", "Database\Database.sqlproj", "{F94D5A2B-7AB6-4D4C-B72B-E1D1D1772D60}"
EndProject
Project("{FAE04EC0-301F-11D3-BF4B-00C04F79EFBC}") = "Monitoring", "Monitoring\Monitoring.csproj", "{1F69F51D-221C-47F4-9AD9-1647CF94C7A1}"
EndProject
Project("{FAE04EC0-301F-11D3-BF4B-00C04F79EFBC}") = "SharedLibrary", "SharedLibrary\SharedLibrary.csproj", "{CC6F55E9-DDBE-46CE-8045-74C5326F1F84}"
EndProject
Global
	GlobalSection(SolutionConfigurationPlatforms) = preSolution
		Debug|Any CPU = Debug|Any CPU
		Release|Any CPU = Release|Any CPU
	EndGlobalSection
	GlobalSection(ProjectConfigurationPlatforms) = postSolution
		{6DC5D2C4-BB92-4BBE-9769-86758C45FE71}.Debug|Any CPU.ActiveCfg = Debug|Any CPU
		{6DC5D2C4-BB92-4BBE-9769-86758C45FE71}.Debug|Any CPU.Build.0 = Debug|Any CPU
		{6DC5D2C4-BB92-4BBE-9769-86758C45FE71}.Release|Any CPU.ActiveCfg = Release|Any CPU
		{6DC5D2C4-BB92-4BBE-9769-86758C45FE71}.Release|Any CPU.Build.0 = Release|Any CPU
		{F94D5A2B-7AB6-4D4C-B72B-E1D1D1772D60}.Debug|Any CPU.ActiveCfg = Debug|Any CPU
		{F94D5A2B-7AB6-4D4C-B72B-E1D1D1772D60}.Debug|Any CPU.Build.0 = Debug|Any CPU
		{F94D5A2B-7AB6-4D4C-B72B-E1D1D1772D60}.Debug|Any CPU.Deploy.0 = Debug|Any CPU
		{F94D5A2B-7AB6-4D4C-B72B-E1D1D1772D60}.Release|Any CPU.ActiveCfg = Release|Any CPU
		{F94D5A2B-7AB6-4D4C-B72B-E1D1D1772D60}.Release|Any CPU.Build.0 = Release|Any CPU
		{F94D5A2B-7AB6-4D4C-B72B-E1D1D1772D60}.Release|Any CPU.Deploy.0 = Release|Any CPU
		{1F69F51D-221C-47F4-9AD9-1647CF94C7A1}.Debug|Any CPU.ActiveCfg = Debug|Any CPU
		{1F69F51D-221C-47F4-9AD9-1647CF94C7A1}.Debug|Any CPU.Build.0 = Debug|Any CPU
		{1F69F51D-221C-47F4-9AD9-1647CF94C7A1}.Release|Any CPU.ActiveCfg = Release|Any CPU
		{1F69F51D-221C-47F4-9AD9-1647CF94C7A1}.Release|Any CPU.Build.0 = Release|Any CPU
		{CC6F55E9-DDBE-46CE-8045-74C5326F1F84}.Debug|Any CPU.ActiveCfg = Debug|Any CPU
		{CC6F55E9-DDBE-46CE-8045-74C5326F1F84}.Debug|Any CPU.Build.0 = Debug|Any CPU
		{CC6F55E9-DDBE-46CE-8045-74C5326F1F84}.Release|Any CPU.ActiveCfg = Release|Any CPU
		{CC6F55E9-DDBE-46CE-8045-74C5326F1F84}.Release|Any CPU.Build.0 = Release|Any CPU
	EndGlobalSection
	GlobalSection(SolutionProperties) = preSolution
		HideSolutionNode = FALSE
	EndGlobalSection
EndGlobal
